// !$*UTF8*$!
{
	archiveVersion = 1;
	classes = {
	};
	objectVersion = 46;
	objects = {

/* Begin PBXBuildFile section */
		8478F32E1A0D16CF00AA8E0F /* Item.m in Sources */ = {isa = PBXBuildFile; fileRef = 8478F32D1A0D16CF00AA8E0F /* Item.m */; };
		8478F3391A0D1D3600AA8E0F /* interior.jpeg in Resources */ = {isa = PBXBuildFile; fileRef = 8478F3381A0D1D3500AA8E0F /* interior.jpeg */; };
		8478F3401A0D1D5A00AA8E0F /* CategoryGroup.m in Sources */ = {isa = PBXBuildFile; fileRef = 8478F33B1A0D1D5A00AA8E0F /* CategoryGroup.m */; };
		8478F3411A0D1D5A00AA8E0F /* ImageUtility.m in Sources */ = {isa = PBXBuildFile; fileRef = 8478F33D1A0D1D5A00AA8E0F /* ImageUtility.m */; };
		8478F3421A0D1D5A00AA8E0F /* Picture.m in Sources */ = {isa = PBXBuildFile; fileRef = 8478F33F1A0D1D5A00AA8E0F /* Picture.m */; };
		8478F3461A0D1D7900AA8E0F /* Bolts.framework in Frameworks */ = {isa = PBXBuildFile; fileRef = 8478F3431A0D1D7900AA8E0F /* Bolts.framework */; };
		8478F3471A0D1D7A00AA8E0F /* Parse.framework in Frameworks */ = {isa = PBXBuildFile; fileRef = 8478F3441A0D1D7900AA8E0F /* Parse.framework */; };
		8478F3481A0D1D7A00AA8E0F /* ParseFacebookUtils.framework in Frameworks */ = {isa = PBXBuildFile; fileRef = 8478F3451A0D1D7900AA8E0F /* ParseFacebookUtils.framework */; };
		8478F3541A0D1DA400AA8E0F /* CreateAdViewController.m in Sources */ = {isa = PBXBuildFile; fileRef = 8478F34B1A0D1DA400AA8E0F /* CreateAdViewController.m */; };
		8478F3551A0D1DA400AA8E0F /* ItemTableViewCell.m in Sources */ = {isa = PBXBuildFile; fileRef = 8478F34D1A0D1DA400AA8E0F /* ItemTableViewCell.m */; };
		8478F3561A0D1DA400AA8E0F /* MainAdViewController.m in Sources */ = {isa = PBXBuildFile; fileRef = 8478F34F1A0D1DA400AA8E0F /* MainAdViewController.m */; };
		8478F3571A0D1DA400AA8E0F /* RegisterViewController.m in Sources */ = {isa = PBXBuildFile; fileRef = 8478F3511A0D1DA400AA8E0F /* RegisterViewController.m */; };
		8478F3581A0D1DA400AA8E0F /* MainScreenViewController.m in Sources */ = {isa = PBXBuildFile; fileRef = 8478F3531A0D1DA400AA8E0F /* MainScreenViewController.m */; };
		848B61261A0A82F900ED72BD /* Main.storyboard in Resources */ = {isa = PBXBuildFile; fileRef = 848B61251A0A82F900ED72BD /* Main.storyboard */; };
		84A5441F1A07CA02006CF824 /* AudioToolbox.framework in Frameworks */ = {isa = PBXBuildFile; fileRef = 84A5441E1A07CA02006CF824 /* AudioToolbox.framework */; };
		84A544211A07CA0B006CF824 /* CFNetwork.framework in Frameworks */ = {isa = PBXBuildFile; fileRef = 84A544201A07CA0B006CF824 /* CFNetwork.framework */; };
		84A544241A07CA31006CF824 /* CoreGraphics.framework in Frameworks */ = {isa = PBXBuildFile; fileRef = 84A544221A07CA31006CF824 /* CoreGraphics.framework */; };
		84A544251A07CA31006CF824 /* CoreLocation.framework in Frameworks */ = {isa = PBXBuildFile; fileRef = 84A544231A07CA31006CF824 /* CoreLocation.framework */; };
		84A544271A07CA49006CF824 /* libz.dylib in Frameworks */ = {isa = PBXBuildFile; fileRef = 84A544261A07CA49006CF824 /* libz.dylib */; };
		84A5442A1A07CA67006CF824 /* MobileCoreServices.framework in Frameworks */ = {isa = PBXBuildFile; fileRef = 84A544281A07CA67006CF824 /* MobileCoreServices.framework */; };
		84A5442B1A07CA67006CF824 /* QuartzCore.framework in Frameworks */ = {isa = PBXBuildFile; fileRef = 84A544291A07CA67006CF824 /* QuartzCore.framework */; };
		84A5442F1A07CA8B006CF824 /* Security.framework in Frameworks */ = {isa = PBXBuildFile; fileRef = 84A5442C1A07CA8B006CF824 /* Security.framework */; };
		84A544301A07CA8B006CF824 /* StoreKit.framework in Frameworks */ = {isa = PBXBuildFile; fileRef = 84A5442D1A07CA8B006CF824 /* StoreKit.framework */; };
		84A544311A07CA8B006CF824 /* SystemConfiguration.framework in Frameworks */ = {isa = PBXBuildFile; fileRef = 84A5442E1A07CA8B006CF824 /* SystemConfiguration.framework */; };
		84B78AF719FEBE9700F35145 /* main.m in Sources */ = {isa = PBXBuildFile; fileRef = 84B78AF619FEBE9700F35145 /* main.m */; };
		84B78AFA19FEBE9800F35145 /* AppDelegate.m in Sources */ = {isa = PBXBuildFile; fileRef = 84B78AF919FEBE9800F35145 /* AppDelegate.m */; };
		84B78B0219FEBE9800F35145 /* Images.xcassets in Resources */ = {isa = PBXBuildFile; fileRef = 84B78B0119FEBE9800F35145 /* Images.xcassets */; };
		84B78B1119FEBE9900F35145 /* biTaKaTests.m in Sources */ = {isa = PBXBuildFile; fileRef = 84B78B1019FEBE9900F35145 /* biTaKaTests.m */; };
		AA128E751A0E42B200BA2532 /* AlertUtility.m in Sources */ = {isa = PBXBuildFile; fileRef = AA128E741A0E42B200BA2532 /* AlertUtility.m */; };
		AAA54D381A100CF70097B96D /* AddPictureViewController.m in Sources */ = {isa = PBXBuildFile; fileRef = AAA54D371A100CF70097B96D /* AddPictureViewController.m */; };
		AAA98DCD1A103E4600D54F5A /* CoreDataItem.m in Sources */ = {isa = PBXBuildFile; fileRef = AAA98DC81A103E4600D54F5A /* CoreDataItem.m */; };
		AAA98DCE1A103E4600D54F5A /* CoreDataItem.xcdatamodeld in Sources */ = {isa = PBXBuildFile; fileRef = AAA98DC91A103E4600D54F5A /* CoreDataItem.xcdatamodeld */; };
		AAA98DCF1A103E4600D54F5A /* CoreDataManager.m in Sources */ = {isa = PBXBuildFile; fileRef = AAA98DCC1A103E4600D54F5A /* CoreDataManager.m */; };
		AADB10AC1A0E4ACA0087F6FB /* DetailViewController.m in Sources */ = {isa = PBXBuildFile; fileRef = AADB10AB1A0E4ACA0087F6FB /* DetailViewController.m */; };
/* End PBXBuildFile section */

/* Begin PBXContainerItemProxy section */
		84B78B0B19FEBE9900F35145 /* PBXContainerItemProxy */ = {
			isa = PBXContainerItemProxy;
			containerPortal = 84B78AE919FEBE9700F35145 /* Project object */;
			proxyType = 1;
			remoteGlobalIDString = 84B78AF019FEBE9700F35145;
			remoteInfo = biTaKa;
		};
/* End PBXContainerItemProxy section */

/* Begin PBXFileReference section */
		8478F32C1A0D16CF00AA8E0F /* Item.h */ = {isa = PBXFileReference; fileEncoding = 4; lastKnownFileType = sourcecode.c.h; name = Item.h; path = Models/Item.h; sourceTree = "<group>"; };
		8478F32D1A0D16CF00AA8E0F /* Item.m */ = {isa = PBXFileReference; fileEncoding = 4; lastKnownFileType = sourcecode.c.objc; name = Item.m; path = Models/Item.m; sourceTree = "<group>"; };
		8478F3381A0D1D3500AA8E0F /* interior.jpeg */ = {isa = PBXFileReference; lastKnownFileType = image.jpeg; name = interior.jpeg; path = Images/interior.jpeg; sourceTree = "<group>"; };
		8478F33A1A0D1D5A00AA8E0F /* CategoryGroup.h */ = {isa = PBXFileReference; fileEncoding = 4; lastKnownFileType = sourcecode.c.h; name = CategoryGroup.h; path = Models/CategoryGroup.h; sourceTree = "<group>"; };
		8478F33B1A0D1D5A00AA8E0F /* CategoryGroup.m */ = {isa = PBXFileReference; fileEncoding = 4; lastKnownFileType = sourcecode.c.objc; name = CategoryGroup.m; path = Models/CategoryGroup.m; sourceTree = "<group>"; };
		8478F33C1A0D1D5A00AA8E0F /* ImageUtility.h */ = {isa = PBXFileReference; fileEncoding = 4; lastKnownFileType = sourcecode.c.h; name = ImageUtility.h; path = Models/ImageUtility.h; sourceTree = "<group>"; };
		8478F33D1A0D1D5A00AA8E0F /* ImageUtility.m */ = {isa = PBXFileReference; fileEncoding = 4; lastKnownFileType = sourcecode.c.objc; name = ImageUtility.m; path = Models/ImageUtility.m; sourceTree = "<group>"; };
		8478F33E1A0D1D5A00AA8E0F /* Picture.h */ = {isa = PBXFileReference; fileEncoding = 4; lastKnownFileType = sourcecode.c.h; name = Picture.h; path = Models/Picture.h; sourceTree = "<group>"; };
		8478F33F1A0D1D5A00AA8E0F /* Picture.m */ = {isa = PBXFileReference; fileEncoding = 4; lastKnownFileType = sourcecode.c.objc; name = Picture.m; path = Models/Picture.m; sourceTree = "<group>"; };
		8478F3431A0D1D7900AA8E0F /* Bolts.framework */ = {isa = PBXFileReference; lastKnownFileType = wrapper.framework; name = Bolts.framework; path = Frameworks/Bolts.framework; sourceTree = "<group>"; };
		8478F3441A0D1D7900AA8E0F /* Parse.framework */ = {isa = PBXFileReference; lastKnownFileType = wrapper.framework; name = Parse.framework; path = Frameworks/Parse.framework; sourceTree = "<group>"; };
		8478F3451A0D1D7900AA8E0F /* ParseFacebookUtils.framework */ = {isa = PBXFileReference; lastKnownFileType = wrapper.framework; name = ParseFacebookUtils.framework; path = Frameworks/ParseFacebookUtils.framework; sourceTree = "<group>"; };
		8478F34A1A0D1DA400AA8E0F /* CreateAdViewController.h */ = {isa = PBXFileReference; fileEncoding = 4; lastKnownFileType = sourcecode.c.h; path = CreateAdViewController.h; sourceTree = "<group>"; };
		8478F34B1A0D1DA400AA8E0F /* CreateAdViewController.m */ = {isa = PBXFileReference; fileEncoding = 4; lastKnownFileType = sourcecode.c.objc; path = CreateAdViewController.m; sourceTree = "<group>"; };
		8478F34C1A0D1DA400AA8E0F /* ItemTableViewCell.h */ = {isa = PBXFileReference; fileEncoding = 4; lastKnownFileType = sourcecode.c.h; path = ItemTableViewCell.h; sourceTree = "<group>"; };
		8478F34D1A0D1DA400AA8E0F /* ItemTableViewCell.m */ = {isa = PBXFileReference; fileEncoding = 4; lastKnownFileType = sourcecode.c.objc; path = ItemTableViewCell.m; sourceTree = "<group>"; };
		8478F34E1A0D1DA400AA8E0F /* MainAdViewController.h */ = {isa = PBXFileReference; fileEncoding = 4; lastKnownFileType = sourcecode.c.h; path = MainAdViewController.h; sourceTree = "<group>"; };
		8478F34F1A0D1DA400AA8E0F /* MainAdViewController.m */ = {isa = PBXFileReference; fileEncoding = 4; lastKnownFileType = sourcecode.c.objc; path = MainAdViewController.m; sourceTree = "<group>"; };
		8478F3501A0D1DA400AA8E0F /* RegisterViewController.h */ = {isa = PBXFileReference; fileEncoding = 4; lastKnownFileType = sourcecode.c.h; path = RegisterViewController.h; sourceTree = "<group>"; };
		8478F3511A0D1DA400AA8E0F /* RegisterViewController.m */ = {isa = PBXFileReference; fileEncoding = 4; lastKnownFileType = sourcecode.c.objc; path = RegisterViewController.m; sourceTree = "<group>"; };
		8478F3521A0D1DA400AA8E0F /* MainScreenViewController.h */ = {isa = PBXFileReference; fileEncoding = 4; lastKnownFileType = sourcecode.c.h; path = MainScreenViewController.h; sourceTree = "<group>"; };
		8478F3531A0D1DA400AA8E0F /* MainScreenViewController.m */ = {isa = PBXFileReference; fileEncoding = 4; lastKnownFileType = sourcecode.c.objc; path = MainScreenViewController.m; sourceTree = "<group>"; };
		848B61251A0A82F900ED72BD /* Main.storyboard */ = {isa = PBXFileReference; fileEncoding = 4; lastKnownFileType = file.storyboard; path = Main.storyboard; sourceTree = "<group>"; };
		84A5441E1A07CA02006CF824 /* AudioToolbox.framework */ = {isa = PBXFileReference; lastKnownFileType = wrapper.framework; name = AudioToolbox.framework; path = System/Library/Frameworks/AudioToolbox.framework; sourceTree = SDKROOT; };
		84A544201A07CA0B006CF824 /* CFNetwork.framework */ = {isa = PBXFileReference; lastKnownFileType = wrapper.framework; name = CFNetwork.framework; path = System/Library/Frameworks/CFNetwork.framework; sourceTree = SDKROOT; };
		84A544221A07CA31006CF824 /* CoreGraphics.framework */ = {isa = PBXFileReference; lastKnownFileType = wrapper.framework; name = CoreGraphics.framework; path = System/Library/Frameworks/CoreGraphics.framework; sourceTree = SDKROOT; };
		84A544231A07CA31006CF824 /* CoreLocation.framework */ = {isa = PBXFileReference; lastKnownFileType = wrapper.framework; name = CoreLocation.framework; path = System/Library/Frameworks/CoreLocation.framework; sourceTree = SDKROOT; };
		84A544261A07CA49006CF824 /* libz.dylib */ = {isa = PBXFileReference; lastKnownFileType = "compiled.mach-o.dylib"; name = libz.dylib; path = usr/lib/libz.dylib; sourceTree = SDKROOT; };
		84A544281A07CA67006CF824 /* MobileCoreServices.framework */ = {isa = PBXFileReference; lastKnownFileType = wrapper.framework; name = MobileCoreServices.framework; path = System/Library/Frameworks/MobileCoreServices.framework; sourceTree = SDKROOT; };
		84A544291A07CA67006CF824 /* QuartzCore.framework */ = {isa = PBXFileReference; lastKnownFileType = wrapper.framework; name = QuartzCore.framework; path = System/Library/Frameworks/QuartzCore.framework; sourceTree = SDKROOT; };
		84A5442C1A07CA8B006CF824 /* Security.framework */ = {isa = PBXFileReference; lastKnownFileType = wrapper.framework; name = Security.framework; path = System/Library/Frameworks/Security.framework; sourceTree = SDKROOT; };
		84A5442D1A07CA8B006CF824 /* StoreKit.framework */ = {isa = PBXFileReference; lastKnownFileType = wrapper.framework; name = StoreKit.framework; path = System/Library/Frameworks/StoreKit.framework; sourceTree = SDKROOT; };
		84A5442E1A07CA8B006CF824 /* SystemConfiguration.framework */ = {isa = PBXFileReference; lastKnownFileType = wrapper.framework; name = SystemConfiguration.framework; path = System/Library/Frameworks/SystemConfiguration.framework; sourceTree = SDKROOT; };
		84B78AF119FEBE9700F35145 /* biTaKa.app */ = {isa = PBXFileReference; explicitFileType = wrapper.application; includeInIndex = 0; path = biTaKa.app; sourceTree = BUILT_PRODUCTS_DIR; };
		84B78AF519FEBE9700F35145 /* Info.plist */ = {isa = PBXFileReference; lastKnownFileType = text.plist.xml; path = Info.plist; sourceTree = "<group>"; };
		84B78AF619FEBE9700F35145 /* main.m */ = {isa = PBXFileReference; lastKnownFileType = sourcecode.c.objc; path = main.m; sourceTree = "<group>"; };
		84B78AF819FEBE9700F35145 /* AppDelegate.h */ = {isa = PBXFileReference; lastKnownFileType = sourcecode.c.h; path = AppDelegate.h; sourceTree = "<group>"; };
		84B78AF919FEBE9800F35145 /* AppDelegate.m */ = {isa = PBXFileReference; lastKnownFileType = sourcecode.c.objc; path = AppDelegate.m; sourceTree = "<group>"; };
		84B78B0119FEBE9800F35145 /* Images.xcassets */ = {isa = PBXFileReference; lastKnownFileType = folder.assetcatalog; path = Images.xcassets; sourceTree = "<group>"; };
		84B78B0419FEBE9800F35145 /* Base */ = {isa = PBXFileReference; lastKnownFileType = file.xib; name = Base; path = Base.lproj/LaunchScreen.xib; sourceTree = "<group>"; };
		84B78B0A19FEBE9900F35145 /* biTaKaTests.xctest */ = {isa = PBXFileReference; explicitFileType = wrapper.cfbundle; includeInIndex = 0; path = biTaKaTests.xctest; sourceTree = BUILT_PRODUCTS_DIR; };
		84B78B0F19FEBE9900F35145 /* Info.plist */ = {isa = PBXFileReference; lastKnownFileType = text.plist.xml; path = Info.plist; sourceTree = "<group>"; };
		84B78B1019FEBE9900F35145 /* biTaKaTests.m */ = {isa = PBXFileReference; lastKnownFileType = sourcecode.c.objc; path = biTaKaTests.m; sourceTree = "<group>"; };
		AA128E731A0E42B200BA2532 /* AlertUtility.h */ = {isa = PBXFileReference; fileEncoding = 4; lastKnownFileType = sourcecode.c.h; path = AlertUtility.h; sourceTree = "<group>"; };
		AA128E741A0E42B200BA2532 /* AlertUtility.m */ = {isa = PBXFileReference; fileEncoding = 4; lastKnownFileType = sourcecode.c.objc; path = AlertUtility.m; sourceTree = "<group>"; };
		AAA54D361A100CF70097B96D /* AddPictureViewController.h */ = {isa = PBXFileReference; fileEncoding = 4; lastKnownFileType = sourcecode.c.h; path = AddPictureViewController.h; sourceTree = "<group>"; };
		AAA54D371A100CF70097B96D /* AddPictureViewController.m */ = {isa = PBXFileReference; fileEncoding = 4; lastKnownFileType = sourcecode.c.objc; path = AddPictureViewController.m; sourceTree = "<group>"; };
		AAA98DC71A103E4600D54F5A /* CoreDataItem.h */ = {isa = PBXFileReference; fileEncoding = 4; lastKnownFileType = sourcecode.c.h; path = CoreDataItem.h; sourceTree = "<group>"; };
		AAA98DC81A103E4600D54F5A /* CoreDataItem.m */ = {isa = PBXFileReference; fileEncoding = 4; lastKnownFileType = sourcecode.c.objc; path = CoreDataItem.m; sourceTree = "<group>"; };
		AAA98DCA1A103E4600D54F5A /* CoreDataItem.xcdatamodel */ = {isa = PBXFileReference; lastKnownFileType = wrapper.xcdatamodel; path = CoreDataItem.xcdatamodel; sourceTree = "<group>"; };
		AAA98DCB1A103E4600D54F5A /* CoreDataManager.h */ = {isa = PBXFileReference; fileEncoding = 4; lastKnownFileType = sourcecode.c.h; path = CoreDataManager.h; sourceTree = "<group>"; };
		AAA98DCC1A103E4600D54F5A /* CoreDataManager.m */ = {isa = PBXFileReference; fileEncoding = 4; lastKnownFileType = sourcecode.c.objc; path = CoreDataManager.m; sourceTree = "<group>"; };
		AADB10AA1A0E4ACA0087F6FB /* DetailViewController.h */ = {isa = PBXFileReference; fileEncoding = 4; lastKnownFileType = sourcecode.c.h; path = DetailViewController.h; sourceTree = "<group>"; };
		AADB10AB1A0E4ACA0087F6FB /* DetailViewController.m */ = {isa = PBXFileReference; fileEncoding = 4; lastKnownFileType = sourcecode.c.objc; path = DetailViewController.m; sourceTree = "<group>"; };
/* End PBXFileReference section */

/* Begin PBXFrameworksBuildPhase section */
		84B78AEE19FEBE9700F35145 /* Frameworks */ = {
			isa = PBXFrameworksBuildPhase;
			buildActionMask = 2147483647;
			files = (
				84A5442F1A07CA8B006CF824 /* Security.framework in Frameworks */,
				84A544301A07CA8B006CF824 /* StoreKit.framework in Frameworks */,
				8478F3481A0D1D7A00AA8E0F /* ParseFacebookUtils.framework in Frameworks */,
				84A544311A07CA8B006CF824 /* SystemConfiguration.framework in Frameworks */,
				84A5442A1A07CA67006CF824 /* MobileCoreServices.framework in Frameworks */,
				84A5442B1A07CA67006CF824 /* QuartzCore.framework in Frameworks */,
				84A544271A07CA49006CF824 /* libz.dylib in Frameworks */,
				8478F3471A0D1D7A00AA8E0F /* Parse.framework in Frameworks */,
				84A544241A07CA31006CF824 /* CoreGraphics.framework in Frameworks */,
				8478F3461A0D1D7900AA8E0F /* Bolts.framework in Frameworks */,
				84A544251A07CA31006CF824 /* CoreLocation.framework in Frameworks */,
				84A544211A07CA0B006CF824 /* CFNetwork.framework in Frameworks */,
				84A5441F1A07CA02006CF824 /* AudioToolbox.framework in Frameworks */,
			);
			runOnlyForDeploymentPostprocessing = 0;
		};
		84B78B0719FEBE9800F35145 /* Frameworks */ = {
			isa = PBXFrameworksBuildPhase;
			buildActionMask = 2147483647;
			files = (
			);
			runOnlyForDeploymentPostprocessing = 0;
		};
/* End PBXFrameworksBuildPhase section */

/* Begin PBXGroup section */
		843121E91A0BBD1B004E1D4F /* Images */ = {
			isa = PBXGroup;
			children = (
				8478F3381A0D1D3500AA8E0F /* interior.jpeg */,
			);
			name = Images;
			sourceTree = "<group>";
		};
		8478F3491A0D1DA400AA8E0F /* ViewControllers */ = {
			isa = PBXGroup;
			children = (
				8478F34A1A0D1DA400AA8E0F /* CreateAdViewController.h */,
				8478F34B1A0D1DA400AA8E0F /* CreateAdViewController.m */,
				8478F34C1A0D1DA400AA8E0F /* ItemTableViewCell.h */,
				8478F34D1A0D1DA400AA8E0F /* ItemTableViewCell.m */,
				8478F34E1A0D1DA400AA8E0F /* MainAdViewController.h */,
				8478F34F1A0D1DA400AA8E0F /* MainAdViewController.m */,
				8478F3501A0D1DA400AA8E0F /* RegisterViewController.h */,
				8478F3511A0D1DA400AA8E0F /* RegisterViewController.m */,
				8478F3521A0D1DA400AA8E0F /* MainScreenViewController.h */,
				8478F3531A0D1DA400AA8E0F /* MainScreenViewController.m */,
				AADB10AA1A0E4ACA0087F6FB /* DetailViewController.h */,
				AADB10AB1A0E4ACA0087F6FB /* DetailViewController.m */,
				AAA54D361A100CF70097B96D /* AddPictureViewController.h */,
				AAA54D371A100CF70097B96D /* AddPictureViewController.m */,
			);
			path = ViewControllers;
			sourceTree = "<group>";
		};
		84A544171A07C87B006CF824 /* Frameworks */ = {
			isa = PBXGroup;
			children = (
				8478F3431A0D1D7900AA8E0F /* Bolts.framework */,
				8478F3441A0D1D7900AA8E0F /* Parse.framework */,
				8478F3451A0D1D7900AA8E0F /* ParseFacebookUtils.framework */,
				84A5442C1A07CA8B006CF824 /* Security.framework */,
				84A5442D1A07CA8B006CF824 /* StoreKit.framework */,
				84A5442E1A07CA8B006CF824 /* SystemConfiguration.framework */,
				84A544281A07CA67006CF824 /* MobileCoreServices.framework */,
				84A544291A07CA67006CF824 /* QuartzCore.framework */,
				84A544261A07CA49006CF824 /* libz.dylib */,
				84A544221A07CA31006CF824 /* CoreGraphics.framework */,
				84A544231A07CA31006CF824 /* CoreLocation.framework */,
				84A544201A07CA0B006CF824 /* CFNetwork.framework */,
				84A5441E1A07CA02006CF824 /* AudioToolbox.framework */,
			);
			name = Frameworks;
			sourceTree = "<group>";
		};
		84A5CDE41A0A241600A11772 /* Models */ = {
			isa = PBXGroup;
			children = (
				8478F33A1A0D1D5A00AA8E0F /* CategoryGroup.h */,
				8478F33B1A0D1D5A00AA8E0F /* CategoryGroup.m */,
				8478F33E1A0D1D5A00AA8E0F /* Picture.h */,
				8478F33F1A0D1D5A00AA8E0F /* Picture.m */,
				8478F32C1A0D16CF00AA8E0F /* Item.h */,
				8478F32D1A0D16CF00AA8E0F /* Item.m */,
			);
			name = Models;
			sourceTree = "<group>";
		};
		84B78AE819FEBE9700F35145 = {
			isa = PBXGroup;
			children = (
				AAA98DC61A103E4600D54F5A /* CoreDataFiles */,
				AA128E721A0E424F00BA2532 /* Utility */,
				8478F3491A0D1DA400AA8E0F /* ViewControllers */,
				843121E91A0BBD1B004E1D4F /* Images */,
				84A5CDE41A0A241600A11772 /* Models */,
				84A544171A07C87B006CF824 /* Frameworks */,
				84B78AF319FEBE9700F35145 /* biTaKa */,
				84B78B0D19FEBE9900F35145 /* biTaKaTests */,
				84B78AF219FEBE9700F35145 /* Products */,
			);
			sourceTree = "<group>";
		};
		84B78AF219FEBE9700F35145 /* Products */ = {
			isa = PBXGroup;
			children = (
				84B78AF119FEBE9700F35145 /* biTaKa.app */,
				84B78B0A19FEBE9900F35145 /* biTaKaTests.xctest */,
			);
			name = Products;
			sourceTree = "<group>";
		};
		84B78AF319FEBE9700F35145 /* biTaKa */ = {
			isa = PBXGroup;
			children = (
				84B78AF819FEBE9700F35145 /* AppDelegate.h */,
				84B78AF919FEBE9800F35145 /* AppDelegate.m */,
				84B78B0119FEBE9800F35145 /* Images.xcassets */,
				84B78B0319FEBE9800F35145 /* LaunchScreen.xib */,
				84B78AF419FEBE9700F35145 /* Supporting Files */,
				848B61251A0A82F900ED72BD /* Main.storyboard */,
			);
			path = biTaKa;
			sourceTree = "<group>";
		};
		84B78AF419FEBE9700F35145 /* Supporting Files */ = {
			isa = PBXGroup;
			children = (
				84B78AF519FEBE9700F35145 /* Info.plist */,
				84B78AF619FEBE9700F35145 /* main.m */,
			);
			name = "Supporting Files";
			sourceTree = "<group>";
		};
		84B78B0D19FEBE9900F35145 /* biTaKaTests */ = {
			isa = PBXGroup;
			children = (
				84B78B1019FEBE9900F35145 /* biTaKaTests.m */,
				84B78B0E19FEBE9900F35145 /* Supporting Files */,
			);
			path = biTaKaTests;
			sourceTree = "<group>";
		};
		84B78B0E19FEBE9900F35145 /* Supporting Files */ = {
			isa = PBXGroup;
			children = (
				84B78B0F19FEBE9900F35145 /* Info.plist */,
			);
			name = "Supporting Files";
			sourceTree = "<group>";
		};
		AA128E721A0E424F00BA2532 /* Utility */ = {
			isa = PBXGroup;
			children = (
				8478F33C1A0D1D5A00AA8E0F /* ImageUtility.h */,
				8478F33D1A0D1D5A00AA8E0F /* ImageUtility.m */,
				AA128E731A0E42B200BA2532 /* AlertUtility.h */,
				AA128E741A0E42B200BA2532 /* AlertUtility.m */,
			);
			name = Utility;
			sourceTree = "<group>";
		};
		AAA98DC61A103E4600D54F5A /* CoreDataFiles */ = {
			isa = PBXGroup;
			children = (
				AAA98DC71A103E4600D54F5A /* CoreDataItem.h */,
				AAA98DC81A103E4600D54F5A /* CoreDataItem.m */,
				AAA98DC91A103E4600D54F5A /* CoreDataItem.xcdatamodeld */,
				AAA98DCB1A103E4600D54F5A /* CoreDataManager.h */,
				AAA98DCC1A103E4600D54F5A /* CoreDataManager.m */,
			);
			path = CoreDataFiles;
			sourceTree = "<group>";
		};
/* End PBXGroup section */

/* Begin PBXNativeTarget section */
		84B78AF019FEBE9700F35145 /* biTaKa */ = {
			isa = PBXNativeTarget;
			buildConfigurationList = 84B78B1419FEBE9900F35145 /* Build configuration list for PBXNativeTarget "biTaKa" */;
			buildPhases = (
				84B78AED19FEBE9700F35145 /* Sources */,
				84B78AEE19FEBE9700F35145 /* Frameworks */,
				84B78AEF19FEBE9700F35145 /* Resources */,
			);
			buildRules = (
			);
			dependencies = (
			);
			name = biTaKa;
			productName = biTaKa;
			productReference = 84B78AF119FEBE9700F35145 /* biTaKa.app */;
			productType = "com.apple.product-type.application";
		};
		84B78B0919FEBE9800F35145 /* biTaKaTests */ = {
			isa = PBXNativeTarget;
			buildConfigurationList = 84B78B1719FEBE9900F35145 /* Build configuration list for PBXNativeTarget "biTaKaTests" */;
			buildPhases = (
				84B78B0619FEBE9800F35145 /* Sources */,
				84B78B0719FEBE9800F35145 /* Frameworks */,
				84B78B0819FEBE9800F35145 /* Resources */,
			);
			buildRules = (
			);
			dependencies = (
				84B78B0C19FEBE9900F35145 /* PBXTargetDependency */,
			);
			name = biTaKaTests;
			productName = biTaKaTests;
			productReference = 84B78B0A19FEBE9900F35145 /* biTaKaTests.xctest */;
			productType = "com.apple.product-type.bundle.unit-test";
		};
/* End PBXNativeTarget section */

/* Begin PBXProject section */
		84B78AE919FEBE9700F35145 /* Project object */ = {
			isa = PBXProject;
			attributes = {
				LastUpgradeCheck = 0610;
				ORGANIZATIONNAME = Admin;
				TargetAttributes = {
					84B78AF019FEBE9700F35145 = {
						CreatedOnToolsVersion = 6.1;
					};
					84B78B0919FEBE9800F35145 = {
						CreatedOnToolsVersion = 6.1;
						TestTargetID = 84B78AF019FEBE9700F35145;
					};
				};
			};
			buildConfigurationList = 84B78AEC19FEBE9700F35145 /* Build configuration list for PBXProject "biTaKa" */;
			compatibilityVersion = "Xcode 3.2";
			developmentRegion = English;
			hasScannedForEncodings = 0;
			knownRegions = (
				en,
				Base,
			);
			mainGroup = 84B78AE819FEBE9700F35145;
			productRefGroup = 84B78AF219FEBE9700F35145 /* Products */;
			projectDirPath = "";
			projectRoot = "";
			targets = (
				84B78AF019FEBE9700F35145 /* biTaKa */,
				84B78B0919FEBE9800F35145 /* biTaKaTests */,
			);
		};
/* End PBXProject section */

/* Begin PBXResourcesBuildPhase section */
		84B78AEF19FEBE9700F35145 /* Resources */ = {
			isa = PBXResourcesBuildPhase;
			buildActionMask = 2147483647;
			files = (
				8478F3391A0D1D3600AA8E0F /* interior.jpeg in Resources */,
				848B61261A0A82F900ED72BD /* Main.storyboard in Resources */,
				84B78B0219FEBE9800F35145 /* Images.xcassets in Resources */,
			);
			runOnlyForDeploymentPostprocessing = 0;
		};
		84B78B0819FEBE9800F35145 /* Resources */ = {
			isa = PBXResourcesBuildPhase;
			buildActionMask = 2147483647;
			files = (
			);
			runOnlyForDeploymentPostprocessing = 0;
		};
/* End PBXResourcesBuildPhase section */

/* Begin PBXSourcesBuildPhase section */
		84B78AED19FEBE9700F35145 /* Sources */ = {
			isa = PBXSourcesBuildPhase;
			buildActionMask = 2147483647;
			files = (
				8478F32E1A0D16CF00AA8E0F /* Item.m in Sources */,
				8478F3551A0D1DA400AA8E0F /* ItemTableViewCell.m in Sources */,
				8478F3401A0D1D5A00AA8E0F /* CategoryGroup.m in Sources */,
				AAA54D381A100CF70097B96D /* AddPictureViewController.m in Sources */,
				8478F3411A0D1D5A00AA8E0F /* ImageUtility.m in Sources */,
				84B78AFA19FEBE9800F35145 /* AppDelegate.m in Sources */,
				AA128E751A0E42B200BA2532 /* AlertUtility.m in Sources */,
				8478F3421A0D1D5A00AA8E0F /* Picture.m in Sources */,
				8478F3541A0D1DA400AA8E0F /* CreateAdViewController.m in Sources */,
				84B78AF719FEBE9700F35145 /* main.m in Sources */,
				AADB10AC1A0E4ACA0087F6FB /* DetailViewController.m in Sources */,
				AAA98DCE1A103E4600D54F5A /* CoreDataItem.xcdatamodeld in Sources */,
				AAA98DCF1A103E4600D54F5A /* CoreDataManager.m in Sources */,
				AAA98DCD1A103E4600D54F5A /* CoreDataItem.m in Sources */,
				8478F3581A0D1DA400AA8E0F /* MainScreenViewController.m in Sources */,
				8478F3571A0D1DA400AA8E0F /* RegisterViewController.m in Sources */,
				8478F3561A0D1DA400AA8E0F /* MainAdViewController.m in Sources */,
			);
			runOnlyForDeploymentPostprocessing = 0;
		};
		84B78B0619FEBE9800F35145 /* Sources */ = {
			isa = PBXSourcesBuildPhase;
			buildActionMask = 2147483647;
			files = (
				84B78B1119FEBE9900F35145 /* biTaKaTests.m in Sources */,
			);
			runOnlyForDeploymentPostprocessing = 0;
		};
/* End PBXSourcesBuildPhase section */

/* Begin PBXTargetDependency section */
		84B78B0C19FEBE9900F35145 /* PBXTargetDependency */ = {
			isa = PBXTargetDependency;
			target = 84B78AF019FEBE9700F35145 /* biTaKa */;
			targetProxy = 84B78B0B19FEBE9900F35145 /* PBXContainerItemProxy */;
		};
/* End PBXTargetDependency section */

/* Begin PBXVariantGroup section */
		84B78B0319FEBE9800F35145 /* LaunchScreen.xib */ = {
			isa = PBXVariantGroup;
			children = (
				84B78B0419FEBE9800F35145 /* Base */,
			);
			name = LaunchScreen.xib;
			sourceTree = "<group>";
		};
/* End PBXVariantGroup section */

/* Begin XCBuildConfiguration section */
		84B78B1219FEBE9900F35145 /* Debug */ = {
			isa = XCBuildConfiguration;
			buildSettings = {
				ALWAYS_SEARCH_USER_PATHS = NO;
				CLANG_CXX_LANGUAGE_STANDARD = "gnu++0x";
				CLANG_CXX_LIBRARY = "libc++";
				CLANG_ENABLE_MODULES = YES;
				CLANG_ENABLE_OBJC_ARC = YES;
				CLANG_WARN_BOOL_CONVERSION = YES;
				CLANG_WARN_CONSTANT_CONVERSION = YES;
				CLANG_WARN_DIRECT_OBJC_ISA_USAGE = YES_ERROR;
				CLANG_WARN_EMPTY_BODY = YES;
				CLANG_WARN_ENUM_CONVERSION = YES;
				CLANG_WARN_INT_CONVERSION = YES;
				CLANG_WARN_OBJC_ROOT_CLASS = YES_ERROR;
				CLANG_WARN_UNREACHABLE_CODE = YES;
				CLANG_WARN__DUPLICATE_METHOD_MATCH = YES;
				"CODE_SIGN_IDENTITY[sdk=iphoneos*]" = "iPhone Developer";
				COPY_PHASE_STRIP = NO;
				ENABLE_STRICT_OBJC_MSGSEND = YES;
				GCC_C_LANGUAGE_STANDARD = gnu99;
				GCC_DYNAMIC_NO_PIC = NO;
				GCC_OPTIMIZATION_LEVEL = 0;
				GCC_PREPROCESSOR_DEFINITIONS = (
					"DEBUG=1",
					"$(inherited)",
				);
				GCC_SYMBOLS_PRIVATE_EXTERN = NO;
				GCC_WARN_64_TO_32_BIT_CONVERSION = YES;
				GCC_WARN_ABOUT_RETURN_TYPE = YES_ERROR;
				GCC_WARN_UNDECLARED_SELECTOR = YES;
				GCC_WARN_UNINITIALIZED_AUTOS = YES_AGGRESSIVE;
				GCC_WARN_UNUSED_FUNCTION = YES;
				GCC_WARN_UNUSED_VARIABLE = YES;
				IPHONEOS_DEPLOYMENT_TARGET = 8.1;
				MTL_ENABLE_DEBUG_INFO = YES;
				ONLY_ACTIVE_ARCH = YES;
				SDKROOT = iphoneos;
				TARGETED_DEVICE_FAMILY = "1,2";
			};
			name = Debug;
		};
		84B78B1319FEBE9900F35145 /* Release */ = {
			isa = XCBuildConfiguration;
			buildSettings = {
				ALWAYS_SEARCH_USER_PATHS = NO;
				CLANG_CXX_LANGUAGE_STANDARD = "gnu++0x";
				CLANG_CXX_LIBRARY = "libc++";
				CLANG_ENABLE_MODULES = YES;
				CLANG_ENABLE_OBJC_ARC = YES;
				CLANG_WARN_BOOL_CONVERSION = YES;
				CLANG_WARN_CONSTANT_CONVERSION = YES;
				CLANG_WARN_DIRECT_OBJC_ISA_USAGE = YES_ERROR;
				CLANG_WARN_EMPTY_BODY = YES;
				CLANG_WARN_ENUM_CONVERSION = YES;
				CLANG_WARN_INT_CONVERSION = YES;
				CLANG_WARN_OBJC_ROOT_CLASS = YES_ERROR;
				CLANG_WARN_UNREACHABLE_CODE = YES;
				CLANG_WARN__DUPLICATE_METHOD_MATCH = YES;
				"CODE_SIGN_IDENTITY[sdk=iphoneos*]" = "iPhone Developer";
				COPY_PHASE_STRIP = YES;
				ENABLE_NS_ASSERTIONS = NO;
				ENABLE_STRICT_OBJC_MSGSEND = YES;
				GCC_C_LANGUAGE_STANDARD = gnu99;
				GCC_WARN_64_TO_32_BIT_CONVERSION = YES;
				GCC_WARN_ABOUT_RETURN_TYPE = YES_ERROR;
				GCC_WARN_UNDECLARED_SELECTOR = YES;
				GCC_WARN_UNINITIALIZED_AUTOS = YES_AGGRESSIVE;
				GCC_WARN_UNUSED_FUNCTION = YES;
				GCC_WARN_UNUSED_VARIABLE = YES;
				IPHONEOS_DEPLOYMENT_TARGET = 8.1;
				MTL_ENABLE_DEBUG_INFO = NO;
				SDKROOT = iphoneos;
				TARGETED_DEVICE_FAMILY = "1,2";
				VALIDATE_PRODUCT = YES;
			};
			name = Release;
		};
		84B78B1519FEBE9900F35145 /* Debug */ = {
			isa = XCBuildConfiguration;
			buildSettings = {
				ASSETCATALOG_COMPILER_APPICON_NAME = AppIcon;
				FRAMEWORK_SEARCH_PATHS = (
					"$(inherited)",
					"/Users/admin/Desktop/parse-library-1.4.2",
					"$(PROJECT_DIR)",
					"/Users/iv/Downloads/parse-library-1",
					"$(PROJECT_DIR)/Frameworks",
				);
				INFOPLIST_FILE = biTaKa/Info.plist;
				LD_RUNPATH_SEARCH_PATHS = "$(inherited) @executable_path/Frameworks";
				PRODUCT_NAME = "$(TARGET_NAME)";
			};
			name = Debug;
		};
		84B78B1619FEBE9900F35145 /* Release */ = {
			isa = XCBuildConfiguration;
			buildSettings = {
				ASSETCATALOG_COMPILER_APPICON_NAME = AppIcon;
				FRAMEWORK_SEARCH_PATHS = (
					"$(inherited)",
					"/Users/admin/Desktop/parse-library-1.4.2",
					"$(PROJECT_DIR)",
					"/Users/iv/Downloads/parse-library-1",
					"$(PROJECT_DIR)/Frameworks",
				);
				INFOPLIST_FILE = biTaKa/Info.plist;
				LD_RUNPATH_SEARCH_PATHS = "$(inherited) @executable_path/Frameworks";
				PRODUCT_NAME = "$(TARGET_NAME)";
			};
			name = Release;
		};
		84B78B1819FEBE9900F35145 /* Debug */ = {
			isa = XCBuildConfiguration;
			buildSettings = {
				BUNDLE_LOADER = "$(TEST_HOST)";
				FRAMEWORK_SEARCH_PATHS = (
					"$(SDKROOT)/Developer/Library/Frameworks",
					"$(inherited)",
				);
				GCC_PREPROCESSOR_DEFINITIONS = (
					"DEBUG=1",
					"$(inherited)",
				);
				INFOPLIST_FILE = biTaKaTests/Info.plist;
				LD_RUNPATH_SEARCH_PATHS = "$(inherited) @executable_path/Frameworks @loader_path/Frameworks";
				PRODUCT_NAME = "$(TARGET_NAME)";
				TEST_HOST = "$(BUILT_PRODUCTS_DIR)/biTaKa.app/biTaKa";
			};
			name = Debug;
		};
		84B78B1919FEBE9900F35145 /* Release */ = {
			isa = XCBuildConfiguration;
			buildSettings = {
				BUNDLE_LOADER = "$(TEST_HOST)";
				FRAMEWORK_SEARCH_PATHS = (
					"$(SDKROOT)/Developer/Library/Frameworks",
					"$(inherited)",
				);
				INFOPLIST_FILE = biTaKaTests/Info.plist;
				LD_RUNPATH_SEARCH_PATHS = "$(inherited) @executable_path/Frameworks @loader_path/Frameworks";
				PRODUCT_NAME = "$(TARGET_NAME)";
				TEST_HOST = "$(BUILT_PRODUCTS_DIR)/biTaKa.app/biTaKa";
			};
			name = Release;
		};
/* End XCBuildConfiguration section */

/* Begin XCConfigurationList section */
		84B78AEC19FEBE9700F35145 /* Build configuration list for PBXProject "biTaKa" */ = {
			isa = XCConfigurationList;
			buildConfigurations = (
				84B78B1219FEBE9900F35145 /* Debug */,
				84B78B1319FEBE9900F35145 /* Release */,
			);
			defaultConfigurationIsVisible = 0;
			defaultConfigurationName = Release;
		};
		84B78B1419FEBE9900F35145 /* Build configuration list for PBXNativeTarget "biTaKa" */ = {
			isa = XCConfigurationList;
			buildConfigurations = (
				84B78B1519FEBE9900F35145 /* Debug */,
				84B78B1619FEBE9900F35145 /* Release */,
			);
			defaultConfigurationIsVisible = 0;
			defaultConfigurationName = Release;
		};
		84B78B1719FEBE9900F35145 /* Build configuration list for PBXNativeTarget "biTaKaTests" */ = {
			isa = XCConfigurationList;
			buildConfigurations = (
				84B78B1819FEBE9900F35145 /* Debug */,
				84B78B1919FEBE9900F35145 /* Release */,
			);
			defaultConfigurationIsVisible = 0;
			defaultConfigurationName = Release;
		};
/* End XCConfigurationList section */

/* Begin XCVersionGroup section */
		AAA98DC91A103E4600D54F5A /* CoreDataItem.xcdatamodeld */ = {
			isa = XCVersionGroup;
			children = (
				AAA98DCA1A103E4600D54F5A /* CoreDataItem.xcdatamodel */,
			);
			currentVersion = AAA98DCA1A103E4600D54F5A /* CoreDataItem.xcdatamodel */;
			path = CoreDataItem.xcdatamodeld;
			sourceTree = "<group>";
			versionGroupType = wrapper.xcdatamodel;
		};
/* End XCVersionGroup section */
	};
	rootObject = 84B78AE919FEBE9700F35145 /* Project object */;
}
