// !$*UTF8*$!
{
	archiveVersion = 1;
	classes = {
	};
	objectVersion = 46;
	objects = {

/* Begin PBXBuildFile section */
		843121F41A0BBDF8004E1D4F /* interior.jpeg in Resources */ = {isa = PBXBuildFile; fileRef = 843121F31A0BBDF8004E1D4F /* interior.jpeg */; };
		848B61261A0A82F900ED72BD /* Main.storyboard in Resources */ = {isa = PBXBuildFile; fileRef = 848B61251A0A82F900ED72BD /* Main.storyboard */; };
		84A5441B1A07C954006CF824 /* Bolts.framework in Frameworks */ = {isa = PBXBuildFile; fileRef = 84A544181A07C954006CF824 /* Bolts.framework */; };
		84A5441C1A07C954006CF824 /* Parse.framework in Frameworks */ = {isa = PBXBuildFile; fileRef = 84A544191A07C954006CF824 /* Parse.framework */; };
		84A5441D1A07C954006CF824 /* ParseFacebookUtils.framework in Frameworks */ = {isa = PBXBuildFile; fileRef = 84A5441A1A07C954006CF824 /* ParseFacebookUtils.framework */; };
		84A5441F1A07CA02006CF824 /* AudioToolbox.framework in Frameworks */ = {isa = PBXBuildFile; fileRef = 84A5441E1A07CA02006CF824 /* AudioToolbox.framework */; };
		84A544211A07CA0B006CF824 /* CFNetwork.framework in Frameworks */ = {isa = PBXBuildFile; fileRef = 84A544201A07CA0B006CF824 /* CFNetwork.framework */; };
		84A544241A07CA31006CF824 /* CoreGraphics.framework in Frameworks */ = {isa = PBXBuildFile; fileRef = 84A544221A07CA31006CF824 /* CoreGraphics.framework */; };
		84A544251A07CA31006CF824 /* CoreLocation.framework in Frameworks */ = {isa = PBXBuildFile; fileRef = 84A544231A07CA31006CF824 /* CoreLocation.framework */; };
		84A544271A07CA49006CF824 /* libz.dylib in Frameworks */ = {isa = PBXBuildFile; fileRef = 84A544261A07CA49006CF824 /* libz.dylib */; };
		84A5442A1A07CA67006CF824 /* MobileCoreServices.framework in Frameworks */ = {isa = PBXBuildFile; fileRef = 84A544281A07CA67006CF824 /* MobileCoreServices.framework */; };
		84A5442B1A07CA67006CF824 /* QuartzCore.framework in Frameworks */ = {isa = PBXBuildFile; fileRef = 84A544291A07CA67006CF824 /* QuartzCore.framework */; };
		84A5442F1A07CA8B006CF824 /* Security.framework in Frameworks */ = {isa = PBXBuildFile; fileRef = 84A5442C1A07CA8B006CF824 /* Security.framework */; };
		84A544301A07CA8B006CF824 /* StoreKit.framework in Frameworks */ = {isa = PBXBuildFile; fileRef = 84A5442D1A07CA8B006CF824 /* StoreKit.framework */; };
		84A544311A07CA8B006CF824 /* SystemConfiguration.framework in Frameworks */ = {isa = PBXBuildFile; fileRef = 84A5442E1A07CA8B006CF824 /* SystemConfiguration.framework */; };
		84A544341A07D5CC006CF824 /* ItemTableViewCell.m in Sources */ = {isa = PBXBuildFile; fileRef = 84A544331A07D5CC006CF824 /* ItemTableViewCell.m */; };
		84A5CDE71A0A243400A11772 /* Item.m in Sources */ = {isa = PBXBuildFile; fileRef = 84A5CDE61A0A243400A11772 /* Item.m */; };
		84AAFF5919FFB192004564AF /* RegisterViewController.m in Sources */ = {isa = PBXBuildFile; fileRef = 84AAFF5819FFB192004564AF /* RegisterViewController.m */; };
		84AAFF5C19FFB1CF004564AF /* CreateAdViewController.m in Sources */ = {isa = PBXBuildFile; fileRef = 84AAFF5B19FFB1CF004564AF /* CreateAdViewController.m */; };
		84AAFF5F19FFB1FB004564AF /* MainAdViewController.m in Sources */ = {isa = PBXBuildFile; fileRef = 84AAFF5E19FFB1FB004564AF /* MainAdViewController.m */; };
		84B78AF719FEBE9700F35145 /* main.m in Sources */ = {isa = PBXBuildFile; fileRef = 84B78AF619FEBE9700F35145 /* main.m */; };
		84B78AFA19FEBE9800F35145 /* AppDelegate.m in Sources */ = {isa = PBXBuildFile; fileRef = 84B78AF919FEBE9800F35145 /* AppDelegate.m */; };
		84B78AFD19FEBE9800F35145 /* ViewController.m in Sources */ = {isa = PBXBuildFile; fileRef = 84B78AFC19FEBE9800F35145 /* ViewController.m */; };
		84B78B0219FEBE9800F35145 /* Images.xcassets in Resources */ = {isa = PBXBuildFile; fileRef = 84B78B0119FEBE9800F35145 /* Images.xcassets */; };
		84B78B0519FEBE9800F35145 /* LaunchScreen.xib in Resources */ = {isa = PBXBuildFile; fileRef = 84B78B0319FEBE9800F35145 /* LaunchScreen.xib */; };
		84B78B1119FEBE9900F35145 /* biTaKaTests.m in Sources */ = {isa = PBXBuildFile; fileRef = 84B78B1019FEBE9900F35145 /* biTaKaTests.m */; };
/* End PBXBuildFile section */

/* Begin PBXContainerItemProxy section */
		84B78B0B19FEBE9900F35145 /* PBXContainerItemProxy */ = {
			isa = PBXContainerItemProxy;
			containerPortal = 84B78AE919FEBE9700F35145 /* Project object */;
			proxyType = 1;
			remoteGlobalIDString = 84B78AF019FEBE9700F35145;
			remoteInfo = biTaKa;
		};
/* End PBXContainerItemProxy section */

/* Begin PBXFileReference section */
		843121F31A0BBDF8004E1D4F /* interior.jpeg */ = {isa = PBXFileReference; lastKnownFileType = image.jpeg; name = interior.jpeg; path = ../../../audi/interior.jpeg; sourceTree = "<group>"; };
		848B61251A0A82F900ED72BD /* Main.storyboard */ = {isa = PBXFileReference; fileEncoding = 4; lastKnownFileType = file.storyboard; path = Main.storyboard; sourceTree = "<group>"; };
		84A544181A07C954006CF824 /* Bolts.framework */ = {isa = PBXFileReference; lastKnownFileType = wrapper.framework; name = Bolts.framework; path = "../../../parse-library-1.4.2/Bolts.framework"; sourceTree = "<group>"; };
		84A544191A07C954006CF824 /* Parse.framework */ = {isa = PBXFileReference; lastKnownFileType = wrapper.framework; name = Parse.framework; path = "../../../parse-library-1.4.2/Parse.framework"; sourceTree = "<group>"; };
		84A5441A1A07C954006CF824 /* ParseFacebookUtils.framework */ = {isa = PBXFileReference; lastKnownFileType = wrapper.framework; name = ParseFacebookUtils.framework; path = "../../../parse-library-1.4.2/ParseFacebookUtils.framework"; sourceTree = "<group>"; };
		84A5441E1A07CA02006CF824 /* AudioToolbox.framework */ = {isa = PBXFileReference; lastKnownFileType = wrapper.framework; name = AudioToolbox.framework; path = System/Library/Frameworks/AudioToolbox.framework; sourceTree = SDKROOT; };
		84A544201A07CA0B006CF824 /* CFNetwork.framework */ = {isa = PBXFileReference; lastKnownFileType = wrapper.framework; name = CFNetwork.framework; path = System/Library/Frameworks/CFNetwork.framework; sourceTree = SDKROOT; };
		84A544221A07CA31006CF824 /* CoreGraphics.framework */ = {isa = PBXFileReference; lastKnownFileType = wrapper.framework; name = CoreGraphics.framework; path = System/Library/Frameworks/CoreGraphics.framework; sourceTree = SDKROOT; };
		84A544231A07CA31006CF824 /* CoreLocation.framework */ = {isa = PBXFileReference; lastKnownFileType = wrapper.framework; name = CoreLocation.framework; path = System/Library/Frameworks/CoreLocation.framework; sourceTree = SDKROOT; };
		84A544261A07CA49006CF824 /* libz.dylib */ = {isa = PBXFileReference; lastKnownFileType = "compiled.mach-o.dylib"; name = libz.dylib; path = usr/lib/libz.dylib; sourceTree = SDKROOT; };
		84A544281A07CA67006CF824 /* MobileCoreServices.framework */ = {isa = PBXFileReference; lastKnownFileType = wrapper.framework; name = MobileCoreServices.framework; path = System/Library/Frameworks/MobileCoreServices.framework; sourceTree = SDKROOT; };
		84A544291A07CA67006CF824 /* QuartzCore.framework */ = {isa = PBXFileReference; lastKnownFileType = wrapper.framework; name = QuartzCore.framework; path = System/Library/Frameworks/QuartzCore.framework; sourceTree = SDKROOT; };
		84A5442C1A07CA8B006CF824 /* Security.framework */ = {isa = PBXFileReference; lastKnownFileType = wrapper.framework; name = Security.framework; path = System/Library/Frameworks/Security.framework; sourceTree = SDKROOT; };
		84A5442D1A07CA8B006CF824 /* StoreKit.framework */ = {isa = PBXFileReference; lastKnownFileType = wrapper.framework; name = StoreKit.framework; path = System/Library/Frameworks/StoreKit.framework; sourceTree = SDKROOT; };
		84A5442E1A07CA8B006CF824 /* SystemConfiguration.framework */ = {isa = PBXFileReference; lastKnownFileType = wrapper.framework; name = SystemConfiguration.framework; path = System/Library/Frameworks/SystemConfiguration.framework; sourceTree = SDKROOT; };
		84A544321A07D5CB006CF824 /* ItemTableViewCell.h */ = {isa = PBXFileReference; fileEncoding = 4; lastKnownFileType = sourcecode.c.h; path = ItemTableViewCell.h; sourceTree = "<group>"; };
		84A544331A07D5CC006CF824 /* ItemTableViewCell.m */ = {isa = PBXFileReference; fileEncoding = 4; lastKnownFileType = sourcecode.c.objc; path = ItemTableViewCell.m; sourceTree = "<group>"; };
		84A5CDE51A0A243400A11772 /* Item.h */ = {isa = PBXFileReference; fileEncoding = 4; lastKnownFileType = sourcecode.c.h; path = Item.h; sourceTree = "<group>"; };
		84A5CDE61A0A243400A11772 /* Item.m */ = {isa = PBXFileReference; fileEncoding = 4; lastKnownFileType = sourcecode.c.objc; path = Item.m; sourceTree = "<group>"; };
		84AAFF5719FFB192004564AF /* RegisterViewController.h */ = {isa = PBXFileReference; fileEncoding = 4; lastKnownFileType = sourcecode.c.h; name = RegisterViewController.h; path = biTaKa/RegisterViewController.h; sourceTree = "<group>"; };
		84AAFF5819FFB192004564AF /* RegisterViewController.m */ = {isa = PBXFileReference; fileEncoding = 4; lastKnownFileType = sourcecode.c.objc; name = RegisterViewController.m; path = biTaKa/RegisterViewController.m; sourceTree = "<group>"; };
		84AAFF5A19FFB1CF004564AF /* CreateAdViewController.h */ = {isa = PBXFileReference; fileEncoding = 4; lastKnownFileType = sourcecode.c.h; path = CreateAdViewController.h; sourceTree = "<group>"; };
		84AAFF5B19FFB1CF004564AF /* CreateAdViewController.m */ = {isa = PBXFileReference; fileEncoding = 4; lastKnownFileType = sourcecode.c.objc; path = CreateAdViewController.m; sourceTree = "<group>"; };
		84AAFF5D19FFB1FB004564AF /* MainAdViewController.h */ = {isa = PBXFileReference; fileEncoding = 4; lastKnownFileType = sourcecode.c.h; path = MainAdViewController.h; sourceTree = "<group>"; };
		84AAFF5E19FFB1FB004564AF /* MainAdViewController.m */ = {isa = PBXFileReference; fileEncoding = 4; lastKnownFileType = sourcecode.c.objc; path = MainAdViewController.m; sourceTree = "<group>"; };
		84B78AF119FEBE9700F35145 /* biTaKa.app */ = {isa = PBXFileReference; explicitFileType = wrapper.application; includeInIndex = 0; path = biTaKa.app; sourceTree = BUILT_PRODUCTS_DIR; };
		84B78AF519FEBE9700F35145 /* Info.plist */ = {isa = PBXFileReference; lastKnownFileType = text.plist.xml; path = Info.plist; sourceTree = "<group>"; };
		84B78AF619FEBE9700F35145 /* main.m */ = {isa = PBXFileReference; lastKnownFileType = sourcecode.c.objc; path = main.m; sourceTree = "<group>"; };
		84B78AF819FEBE9700F35145 /* AppDelegate.h */ = {isa = PBXFileReference; lastKnownFileType = sourcecode.c.h; path = AppDelegate.h; sourceTree = "<group>"; };
		84B78AF919FEBE9800F35145 /* AppDelegate.m */ = {isa = PBXFileReference; lastKnownFileType = sourcecode.c.objc; path = AppDelegate.m; sourceTree = "<group>"; };
		84B78AFB19FEBE9800F35145 /* ViewController.h */ = {isa = PBXFileReference; lastKnownFileType = sourcecode.c.h; path = ViewController.h; sourceTree = "<group>"; };
		84B78AFC19FEBE9800F35145 /* ViewController.m */ = {isa = PBXFileReference; lastKnownFileType = sourcecode.c.objc; path = ViewController.m; sourceTree = "<group>"; };
		84B78B0119FEBE9800F35145 /* Images.xcassets */ = {isa = PBXFileReference; lastKnownFileType = folder.assetcatalog; path = Images.xcassets; sourceTree = "<group>"; };
		84B78B0419FEBE9800F35145 /* Base */ = {isa = PBXFileReference; lastKnownFileType = file.xib; name = Base; path = Base.lproj/LaunchScreen.xib; sourceTree = "<group>"; };
		84B78B0A19FEBE9900F35145 /* biTaKaTests.xctest */ = {isa = PBXFileReference; explicitFileType = wrapper.cfbundle; includeInIndex = 0; path = biTaKaTests.xctest; sourceTree = BUILT_PRODUCTS_DIR; };
		84B78B0F19FEBE9900F35145 /* Info.plist */ = {isa = PBXFileReference; lastKnownFileType = text.plist.xml; path = Info.plist; sourceTree = "<group>"; };
		84B78B1019FEBE9900F35145 /* biTaKaTests.m */ = {isa = PBXFileReference; lastKnownFileType = sourcecode.c.objc; path = biTaKaTests.m; sourceTree = "<group>"; };
/* End PBXFileReference section */

/* Begin PBXFrameworksBuildPhase section */
		84B78AEE19FEBE9700F35145 /* Frameworks */ = {
			isa = PBXFrameworksBuildPhase;
			buildActionMask = 2147483647;
			files = (
				84A5442F1A07CA8B006CF824 /* Security.framework in Frameworks */,
				84A544301A07CA8B006CF824 /* StoreKit.framework in Frameworks */,
				84A544311A07CA8B006CF824 /* SystemConfiguration.framework in Frameworks */,
				84A5442A1A07CA67006CF824 /* MobileCoreServices.framework in Frameworks */,
				84A5442B1A07CA67006CF824 /* QuartzCore.framework in Frameworks */,
				84A544271A07CA49006CF824 /* libz.dylib in Frameworks */,
				84A544241A07CA31006CF824 /* CoreGraphics.framework in Frameworks */,
				84A544251A07CA31006CF824 /* CoreLocation.framework in Frameworks */,
				84A544211A07CA0B006CF824 /* CFNetwork.framework in Frameworks */,
				84A5441F1A07CA02006CF824 /* AudioToolbox.framework in Frameworks */,
				84A5441C1A07C954006CF824 /* Parse.framework in Frameworks */,
				84A5441B1A07C954006CF824 /* Bolts.framework in Frameworks */,
				84A5441D1A07C954006CF824 /* ParseFacebookUtils.framework in Frameworks */,
			);
			runOnlyForDeploymentPostprocessing = 0;
		};
		84B78B0719FEBE9800F35145 /* Frameworks */ = {
			isa = PBXFrameworksBuildPhase;
			buildActionMask = 2147483647;
			files = (
			);
			runOnlyForDeploymentPostprocessing = 0;
		};
/* End PBXFrameworksBuildPhase section */

/* Begin PBXGroup section */
		843121E91A0BBD1B004E1D4F /* Images */ = {
			isa = PBXGroup;
			children = (
				843121F31A0BBDF8004E1D4F /* interior.jpeg */,
			);
			name = Images;
			sourceTree = "<group>";
		};
		84A544171A07C87B006CF824 /* Frameworks */ = {
			isa = PBXGroup;
			children = (
				84A5442C1A07CA8B006CF824 /* Security.framework */,
				84A5442D1A07CA8B006CF824 /* StoreKit.framework */,
				84A5442E1A07CA8B006CF824 /* SystemConfiguration.framework */,
				84A544281A07CA67006CF824 /* MobileCoreServices.framework */,
				84A544291A07CA67006CF824 /* QuartzCore.framework */,
				84A544261A07CA49006CF824 /* libz.dylib */,
				84A544221A07CA31006CF824 /* CoreGraphics.framework */,
				84A544231A07CA31006CF824 /* CoreLocation.framework */,
				84A544201A07CA0B006CF824 /* CFNetwork.framework */,
				84A5441E1A07CA02006CF824 /* AudioToolbox.framework */,
				84A544181A07C954006CF824 /* Bolts.framework */,
				84A544191A07C954006CF824 /* Parse.framework */,
				84A5441A1A07C954006CF824 /* ParseFacebookUtils.framework */,
			);
			name = Frameworks;
			sourceTree = "<group>";
		};
		84A5CDE41A0A241600A11772 /* Models */ = {
			isa = PBXGroup;
			children = (
				84A5CDE51A0A243400A11772 /* Item.h */,
				84A5CDE61A0A243400A11772 /* Item.m */,
			);
			name = Models;
			sourceTree = "<group>";
		};
		84AAFF5219FFB03A004564AF /* ViewModels */ = {
			isa = PBXGroup;
			children = (
				84AAFF5719FFB192004564AF /* RegisterViewController.h */,
				84AAFF5819FFB192004564AF /* RegisterViewController.m */,
				84AAFF5A19FFB1CF004564AF /* CreateAdViewController.h */,
				84AAFF5B19FFB1CF004564AF /* CreateAdViewController.m */,
				84AAFF5D19FFB1FB004564AF /* MainAdViewController.h */,
				84AAFF5E19FFB1FB004564AF /* MainAdViewController.m */,
				84A544321A07D5CB006CF824 /* ItemTableViewCell.h */,
				84A544331A07D5CC006CF824 /* ItemTableViewCell.m */,
			);
			name = ViewModels;
			sourceTree = "<group>";
		};
		84B78AE819FEBE9700F35145 = {
			isa = PBXGroup;
			children = (
				843121E91A0BBD1B004E1D4F /* Images */,
				84A5CDE41A0A241600A11772 /* Models */,
				84A544171A07C87B006CF824 /* Frameworks */,
				84AAFF5219FFB03A004564AF /* ViewModels */,
				84B78AF319FEBE9700F35145 /* biTaKa */,
				84B78B0D19FEBE9900F35145 /* biTaKaTests */,
				84B78AF219FEBE9700F35145 /* Products */,
			);
			sourceTree = "<group>";
		};
		84B78AF219FEBE9700F35145 /* Products */ = {
			isa = PBXGroup;
			children = (
				84B78AF119FEBE9700F35145 /* biTaKa.app */,
				84B78B0A19FEBE9900F35145 /* biTaKaTests.xctest */,
			);
			name = Products;
			sourceTree = "<group>";
		};
		84B78AF319FEBE9700F35145 /* biTaKa */ = {
			isa = PBXGroup;
			children = (
				84B78AF819FEBE9700F35145 /* AppDelegate.h */,
				84B78AF919FEBE9800F35145 /* AppDelegate.m */,
				84B78AFB19FEBE9800F35145 /* ViewController.h */,
				84B78AFC19FEBE9800F35145 /* ViewController.m */,
				84B78B0119FEBE9800F35145 /* Images.xcassets */,
				84B78B0319FEBE9800F35145 /* LaunchScreen.xib */,
				84B78AF419FEBE9700F35145 /* Supporting Files */,
				848B61251A0A82F900ED72BD /* Main.storyboard */,
			);
			path = biTaKa;
			sourceTree = "<group>";
		};
		84B78AF419FEBE9700F35145 /* Supporting Files */ = {
			isa = PBXGroup;
			children = (
				84B78AF519FEBE9700F35145 /* Info.plist */,
				84B78AF619FEBE9700F35145 /* main.m */,
			);
			name = "Supporting Files";
			sourceTree = "<group>";
		};
		84B78B0D19FEBE9900F35145 /* biTaKaTests */ = {
			isa = PBXGroup;
			children = (
				84B78B1019FEBE9900F35145 /* biTaKaTests.m */,
				84B78B0E19FEBE9900F35145 /* Supporting Files */,
			);
			path = biTaKaTests;
			sourceTree = "<group>";
		};
		84B78B0E19FEBE9900F35145 /* Supporting Files */ = {
			isa = PBXGroup;
			children = (
				84B78B0F19FEBE9900F35145 /* Info.plist */,
			);
			name = "Supporting Files";
			sourceTree = "<group>";
		};
/* End PBXGroup section */

/* Begin PBXNativeTarget section */
		84B78AF019FEBE9700F35145 /* biTaKa */ = {
			isa = PBXNativeTarget;
			buildConfigurationList = 84B78B1419FEBE9900F35145 /* Build configuration list for PBXNativeTarget "biTaKa" */;
			buildPhases = (
				84B78AED19FEBE9700F35145 /* Sources */,
				84B78AEE19FEBE9700F35145 /* Frameworks */,
				84B78AEF19FEBE9700F35145 /* Resources */,
			);
			buildRules = (
			);
			dependencies = (
			);
			name = biTaKa;
			productName = biTaKa;
			productReference = 84B78AF119FEBE9700F35145 /* biTaKa.app */;
			productType = "com.apple.product-type.application";
		};
		84B78B0919FEBE9800F35145 /* biTaKaTests */ = {
			isa = PBXNativeTarget;
			buildConfigurationList = 84B78B1719FEBE9900F35145 /* Build configuration list for PBXNativeTarget "biTaKaTests" */;
			buildPhases = (
				84B78B0619FEBE9800F35145 /* Sources */,
				84B78B0719FEBE9800F35145 /* Frameworks */,
				84B78B0819FEBE9800F35145 /* Resources */,
			);
			buildRules = (
			);
			dependencies = (
				84B78B0C19FEBE9900F35145 /* PBXTargetDependency */,
			);
			name = biTaKaTests;
			productName = biTaKaTests;
			productReference = 84B78B0A19FEBE9900F35145 /* biTaKaTests.xctest */;
			productType = "com.apple.product-type.bundle.unit-test";
		};
/* End PBXNativeTarget section */

/* Begin PBXProject section */
		84B78AE919FEBE9700F35145 /* Project object */ = {
			isa = PBXProject;
			attributes = {
				LastUpgradeCheck = 0610;
				ORGANIZATIONNAME = Admin;
				TargetAttributes = {
					84B78AF019FEBE9700F35145 = {
						CreatedOnToolsVersion = 6.1;
					};
					84B78B0919FEBE9800F35145 = {
						CreatedOnToolsVersion = 6.1;
						TestTargetID = 84B78AF019FEBE9700F35145;
					};
				};
			};
			buildConfigurationList = 84B78AEC19FEBE9700F35145 /* Build configuration list for PBXProject "biTaKa" */;
			compatibilityVersion = "Xcode 3.2";
			developmentRegion = English;
			hasScannedForEncodings = 0;
			knownRegions = (
				en,
				Base,
			);
			mainGroup = 84B78AE819FEBE9700F35145;
			productRefGroup = 84B78AF219FEBE9700F35145 /* Products */;
			projectDirPath = "";
			projectRoot = "";
			targets = (
				84B78AF019FEBE9700F35145 /* biTaKa */,
				84B78B0919FEBE9800F35145 /* biTaKaTests */,
			);
		};
/* End PBXProject section */

/* Begin PBXResourcesBuildPhase section */
		84B78AEF19FEBE9700F35145 /* Resources */ = {
			isa = PBXResourcesBuildPhase;
			buildActionMask = 2147483647;
			files = (
				848B61261A0A82F900ED72BD /* Main.storyboard in Resources */,
				843121F41A0BBDF8004E1D4F /* interior.jpeg in Resources */,
				84B78B0519FEBE9800F35145 /* LaunchScreen.xib in Resources */,
				84B78B0219FEBE9800F35145 /* Images.xcassets in Resources */,
			);
			runOnlyForDeploymentPostprocessing = 0;
		};
		84B78B0819FEBE9800F35145 /* Resources */ = {
			isa = PBXResourcesBuildPhase;
			buildActionMask = 2147483647;
			files = (
			);
			runOnlyForDeploymentPostprocessing = 0;
		};
/* End PBXResourcesBuildPhase section */

/* Begin PBXSourcesBuildPhase section */
		84B78AED19FEBE9700F35145 /* Sources */ = {
			isa = PBXSourcesBuildPhase;
			buildActionMask = 2147483647;
			files = (
				84A5CDE71A0A243400A11772 /* Item.m in Sources */,
				84AAFF5F19FFB1FB004564AF /* MainAdViewController.m in Sources */,
				84B78AFD19FEBE9800F35145 /* ViewController.m in Sources */,
				84B78AFA19FEBE9800F35145 /* AppDelegate.m in Sources */,
				84B78AF719FEBE9700F35145 /* main.m in Sources */,
				84AAFF5919FFB192004564AF /* RegisterViewController.m in Sources */,
				84A544341A07D5CC006CF824 /* ItemTableViewCell.m in Sources */,
				84AAFF5C19FFB1CF004564AF /* CreateAdViewController.m in Sources */,
			);
			runOnlyForDeploymentPostprocessing = 0;
		};
		84B78B0619FEBE9800F35145 /* Sources */ = {
			isa = PBXSourcesBuildPhase;
			buildActionMask = 2147483647;
			files = (
				84B78B1119FEBE9900F35145 /* biTaKaTests.m in Sources */,
			);
			runOnlyForDeploymentPostprocessing = 0;
		};
/* End PBXSourcesBuildPhase section */

/* Begin PBXTargetDependency section */
		84B78B0C19FEBE9900F35145 /* PBXTargetDependency */ = {
			isa = PBXTargetDependency;
			target = 84B78AF019FEBE9700F35145 /* biTaKa */;
			targetProxy = 84B78B0B19FEBE9900F35145 /* PBXContainerItemProxy */;
		};
/* End PBXTargetDependency section */

/* Begin PBXVariantGroup section */
		84B78B0319FEBE9800F35145 /* LaunchScreen.xib */ = {
			isa = PBXVariantGroup;
			children = (
				84B78B0419FEBE9800F35145 /* Base */,
			);
			name = LaunchScreen.xib;
			sourceTree = "<group>";
		};
/* End PBXVariantGroup section */

/* Begin XCBuildConfiguration section */
		84B78B1219FEBE9900F35145 /* Debug */ = {
			isa = XCBuildConfiguration;
			buildSettings = {
				ALWAYS_SEARCH_USER_PATHS = NO;
				CLANG_CXX_LANGUAGE_STANDARD = "gnu++0x";
				CLANG_CXX_LIBRARY = "libc++";
				CLANG_ENABLE_MODULES = YES;
				CLANG_ENABLE_OBJC_ARC = YES;
				CLANG_WARN_BOOL_CONVERSION = YES;
				CLANG_WARN_CONSTANT_CONVERSION = YES;
				CLANG_WARN_DIRECT_OBJC_ISA_USAGE = YES_ERROR;
				CLANG_WARN_EMPTY_BODY = YES;
				CLANG_WARN_ENUM_CONVERSION = YES;
				CLANG_WARN_INT_CONVERSION = YES;
				CLANG_WARN_OBJC_ROOT_CLASS = YES_ERROR;
				CLANG_WARN_UNREACHABLE_CODE = YES;
				CLANG_WARN__DUPLICATE_METHOD_MATCH = YES;
				"CODE_SIGN_IDENTITY[sdk=iphoneos*]" = "iPhone Developer";
				COPY_PHASE_STRIP = NO;
				ENABLE_STRICT_OBJC_MSGSEND = YES;
				GCC_C_LANGUAGE_STANDARD = gnu99;
				GCC_DYNAMIC_NO_PIC = NO;
				GCC_OPTIMIZATION_LEVEL = 0;
				GCC_PREPROCESSOR_DEFINITIONS = (
					"DEBUG=1",
					"$(inherited)",
				);
				GCC_SYMBOLS_PRIVATE_EXTERN = NO;
				GCC_WARN_64_TO_32_BIT_CONVERSION = YES;
				GCC_WARN_ABOUT_RETURN_TYPE = YES_ERROR;
				GCC_WARN_UNDECLARED_SELECTOR = YES;
				GCC_WARN_UNINITIALIZED_AUTOS = YES_AGGRESSIVE;
				GCC_WARN_UNUSED_FUNCTION = YES;
				GCC_WARN_UNUSED_VARIABLE = YES;
				IPHONEOS_DEPLOYMENT_TARGET = 8.1;
				MTL_ENABLE_DEBUG_INFO = YES;
				ONLY_ACTIVE_ARCH = YES;
				SDKROOT = iphoneos;
				TARGETED_DEVICE_FAMILY = "1,2";
			};
			name = Debug;
		};
		84B78B1319FEBE9900F35145 /* Release */ = {
			isa = XCBuildConfiguration;
			buildSettings = {
				ALWAYS_SEARCH_USER_PATHS = NO;
				CLANG_CXX_LANGUAGE_STANDARD = "gnu++0x";
				CLANG_CXX_LIBRARY = "libc++";
				CLANG_ENABLE_MODULES = YES;
				CLANG_ENABLE_OBJC_ARC = YES;
				CLANG_WARN_BOOL_CONVERSION = YES;
				CLANG_WARN_CONSTANT_CONVERSION = YES;
				CLANG_WARN_DIRECT_OBJC_ISA_USAGE = YES_ERROR;
				CLANG_WARN_EMPTY_BODY = YES;
				CLANG_WARN_ENUM_CONVERSION = YES;
				CLANG_WARN_INT_CONVERSION = YES;
				CLANG_WARN_OBJC_ROOT_CLASS = YES_ERROR;
				CLANG_WARN_UNREACHABLE_CODE = YES;
				CLANG_WARN__DUPLICATE_METHOD_MATCH = YES;
				"CODE_SIGN_IDENTITY[sdk=iphoneos*]" = "iPhone Developer";
				COPY_PHASE_STRIP = YES;
				ENABLE_NS_ASSERTIONS = NO;
				ENABLE_STRICT_OBJC_MSGSEND = YES;
				GCC_C_LANGUAGE_STANDARD = gnu99;
				GCC_WARN_64_TO_32_BIT_CONVERSION = YES;
				GCC_WARN_ABOUT_RETURN_TYPE = YES_ERROR;
				GCC_WARN_UNDECLARED_SELECTOR = YES;
				GCC_WARN_UNINITIALIZED_AUTOS = YES_AGGRESSIVE;
				GCC_WARN_UNUSED_FUNCTION = YES;
				GCC_WARN_UNUSED_VARIABLE = YES;
				IPHONEOS_DEPLOYMENT_TARGET = 8.1;
				MTL_ENABLE_DEBUG_INFO = NO;
				SDKROOT = iphoneos;
				TARGETED_DEVICE_FAMILY = "1,2";
				VALIDATE_PRODUCT = YES;
			};
			name = Release;
		};
		84B78B1519FEBE9900F35145 /* Debug */ = {
			isa = XCBuildConfiguration;
			buildSettings = {
				ASSETCATALOG_COMPILER_APPICON_NAME = AppIcon;
				FRAMEWORK_SEARCH_PATHS = (
					"$(inherited)",
					"/Users/admin/Desktop/parse-library-1.4.2",
				);
				INFOPLIST_FILE = biTaKa/Info.plist;
				LD_RUNPATH_SEARCH_PATHS = "$(inherited) @executable_path/Frameworks";
				PRODUCT_NAME = "$(TARGET_NAME)";
			};
			name = Debug;
		};
		84B78B1619FEBE9900F35145 /* Release */ = {
			isa = XCBuildConfiguration;
			buildSettings = {
				ASSETCATALOG_COMPILER_APPICON_NAME = AppIcon;
				FRAMEWORK_SEARCH_PATHS = (
					"$(inherited)",
					"/Users/admin/Desktop/parse-library-1.4.2",
				);
				INFOPLIST_FILE = biTaKa/Info.plist;
				LD_RUNPATH_SEARCH_PATHS = "$(inherited) @executable_path/Frameworks";
				PRODUCT_NAME = "$(TARGET_NAME)";
			};
			name = Release;
		};
		84B78B1819FEBE9900F35145 /* Debug */ = {
			isa = XCBuildConfiguration;
			buildSettings = {
				BUNDLE_LOADER = "$(TEST_HOST)";
				FRAMEWORK_SEARCH_PATHS = (
					"$(SDKROOT)/Developer/Library/Frameworks",
					"$(inherited)",
				);
				GCC_PREPROCESSOR_DEFINITIONS = (
					"DEBUG=1",
					"$(inherited)",
				);
				INFOPLIST_FILE = biTaKaTests/Info.plist;
				LD_RUNPATH_SEARCH_PATHS = "$(inherited) @executable_path/Frameworks @loader_path/Frameworks";
				PRODUCT_NAME = "$(TARGET_NAME)";
				TEST_HOST = "$(BUILT_PRODUCTS_DIR)/biTaKa.app/biTaKa";
			};
			name = Debug;
		};
		84B78B1919FEBE9900F35145 /* Release */ = {
			isa = XCBuildConfiguration;
			buildSettings = {
				BUNDLE_LOADER = "$(TEST_HOST)";
				FRAMEWORK_SEARCH_PATHS = (
					"$(SDKROOT)/Developer/Library/Frameworks",
					"$(inherited)",
				);
				INFOPLIST_FILE = biTaKaTests/Info.plist;
				LD_RUNPATH_SEARCH_PATHS = "$(inherited) @executable_path/Frameworks @loader_path/Frameworks";
				PRODUCT_NAME = "$(TARGET_NAME)";
				TEST_HOST = "$(BUILT_PRODUCTS_DIR)/biTaKa.app/biTaKa";
			};
			name = Release;
		};
/* End XCBuildConfiguration section */

/* Begin XCConfigurationList section */
		84B78AEC19FEBE9700F35145 /* Build configuration list for PBXProject "biTaKa" */ = {
			isa = XCConfigurationList;
			buildConfigurations = (
				84B78B1219FEBE9900F35145 /* Debug */,
				84B78B1319FEBE9900F35145 /* Release */,
			);
			defaultConfigurationIsVisible = 0;
			defaultConfigurationName = Release;
		};
		84B78B1419FEBE9900F35145 /* Build configuration list for PBXNativeTarget "biTaKa" */ = {
			isa = XCConfigurationList;
			buildConfigurations = (
				84B78B1519FEBE9900F35145 /* Debug */,
				84B78B1619FEBE9900F35145 /* Release */,
			);
			defaultConfigurationIsVisible = 0;
			defaultConfigurationName = Release;
		};
		84B78B1719FEBE9900F35145 /* Build configuration list for PBXNativeTarget "biTaKaTests" */ = {
			isa = XCConfigurationList;
			buildConfigurations = (
				84B78B1819FEBE9900F35145 /* Debug */,
				84B78B1919FEBE9900F35145 /* Release */,
			);
			defaultConfigurationIsVisible = 0;
			defaultConfigurationName = Release;
		};
/* End XCConfigurationList section */
	};
	rootObject = 84B78AE919FEBE9700F35145 /* Project object */;
}
